
Microsoft Visual Studio Solution File, Format Version 12.00
# Visual Studio Version 16
VisualStudioVersion = 16.0.29418.71
MinimumVisualStudioVersion = 10.0.40219.1
Project("{FAE04EC0-301F-11D3-BF4B-00C04F79EFBC}") = "LemonadeStand", "LemonadeStand\LemonadeStand.csproj", "{EE20082D-D225-48AC-B576-B128C7D8B25B}"
EndProject
Global
	GlobalSection(SolutionConfigurationPlatforms) = preSolution
		Debug|Any CPU = Debug|Any CPU
		Release|Any CPU = Release|Any CPU
	EndGlobalSection
	GlobalSection(ProjectConfigurationPlatforms) = postSolution
		{EE20082D-D225-48AC-B576-B128C7D8B25B}.Debug|Any CPU.ActiveCfg = Debug|Any CPU
		{EE20082D-D225-48AC-B576-B128C7D8B25B}.Debug|Any CPU.Build.0 = Debug|Any CPU
		{EE20082D-D225-48AC-B576-B128C7D8B25B}.Release|Any CPU.ActiveCfg = Release|Any CPU
		{EE20082D-D225-48AC-B576-B128C7D8B25B}.Release|Any CPU.Build.0 = Release|Any CPU
	EndGlobalSection
	GlobalSection(SolutionProperties) = preSolution
		HideSolutionNode = FALSE
	EndGlobalSection
	GlobalSection(ExtensibilityGlobals) = postSolution
		SolutionGuid = {D5EBD75C-5D60-4C10-B1C7-BD9364BF01DF}
	EndGlobalSection
EndGlobal
